
Microsoft Visual Studio Solution File, Format Version 12.00
# Visual Studio Version 17
VisualStudioVersion = 17.2.32630.192
MinimumVisualStudioVersion = 10.0.40219.1
Project("{8BC9CEB8-8B4A-11D0-8D11-00A0C91BC942}") = "Common", "Cart3DAlgorithm\Common\model.vcxproj", "{E358C83D-2473-4C75-9164-FF6542821C96}"
EndProject
Project("{8BC9CEB8-8B4A-11D0-8D11-00A0C91BC942}") = "Test", "Test\Test.vcxproj", "{296BB00E-35AA-43EA-9ABF-751D7DA83884}"
EndProject
Project("{8BC9CEB8-8B4A-11D0-8D11-00A0C91BC942}") = "SearchAlgo", "Cart3DAlgorithm\SearchAlgo\SearchAlgo.vcxproj", "{55C3C2F4-3EF1-4A2F-930D-26E31C9CE545}"
EndProject
Project("{8BC9CEB8-8B4A-11D0-8D11-00A0C91BC942}") = "TriangleMesh", "Cart3DAlgorithm\TriangleMesh\TriangleMesh.vcxproj", "{69097E15-3354-4AB4-BB7F-CED188916081}"
EndProject
Project("{2150E333-8FDC-42A3-9474-1A3956D46DE8}") = "Cart3DAlgorithm", "Cart3DAlgorithm", "{3F15BA77-EBBD-4949-B114-DA567AD2A467}"
EndProject
Project("{8BC9CEB8-8B4A-11D0-8D11-00A0C91BC942}") = "MeshGeneration", "Cart3DAlgorithm\MeshGeneration\MeshGeneration.vcxproj", "{BE014B06-CCC3-4302-B323-79A589AC218C}"
EndProject
Global
	GlobalSection(SolutionConfigurationPlatforms) = preSolution
		Debug|x64 = Debug|x64
		Debug|x86 = Debug|x86
		Release|x64 = Release|x64
		Release|x86 = Release|x86
	EndGlobalSection
	GlobalSection(ProjectConfigurationPlatforms) = postSolution
		{E358C83D-2473-4C75-9164-FF6542821C96}.Debug|x64.ActiveCfg = Debug|x64
		{E358C83D-2473-4C75-9164-FF6542821C96}.Debug|x64.Build.0 = Debug|x64
		{E358C83D-2473-4C75-9164-FF6542821C96}.Debug|x86.ActiveCfg = Debug|Win32
		{E358C83D-2473-4C75-9164-FF6542821C96}.Debug|x86.Build.0 = Debug|Win32
		{E358C83D-2473-4C75-9164-FF6542821C96}.Release|x64.ActiveCfg = Release|x64
		{E358C83D-2473-4C75-9164-FF6542821C96}.Release|x64.Build.0 = Release|x64
		{E358C83D-2473-4C75-9164-FF6542821C96}.Release|x86.ActiveCfg = Release|Win32
		{E358C83D-2473-4C75-9164-FF6542821C96}.Release|x86.Build.0 = Release|Win32
		{296BB00E-35AA-43EA-9ABF-751D7DA83884}.Debug|x64.ActiveCfg = Debug|x64
		{296BB00E-35AA-43EA-9ABF-751D7DA83884}.Debug|x64.Build.0 = Debug|x64
		{296BB00E-35AA-43EA-9ABF-751D7DA83884}.Debug|x86.ActiveCfg = Debug|Win32
		{296BB00E-35AA-43EA-9ABF-751D7DA83884}.Debug|x86.Build.0 = Debug|Win32
		{296BB00E-35AA-43EA-9ABF-751D7DA83884}.Release|x64.ActiveCfg = Release|x64
		{296BB00E-35AA-43EA-9ABF-751D7DA83884}.Release|x64.Build.0 = Release|x64
		{296BB00E-35AA-43EA-9ABF-751D7DA83884}.Release|x86.ActiveCfg = Release|Win32
		{296BB00E-35AA-43EA-9ABF-751D7DA83884}.Release|x86.Build.0 = Release|Win32
		{55C3C2F4-3EF1-4A2F-930D-26E31C9CE545}.Debug|x64.ActiveCfg = Debug|x64
		{55C3C2F4-3EF1-4A2F-930D-26E31C9CE545}.Debug|x64.Build.0 = Debug|x64
		{55C3C2F4-3EF1-4A2F-930D-26E31C9CE545}.Debug|x86.ActiveCfg = Debug|Win32
		{55C3C2F4-3EF1-4A2F-930D-26E31C9CE545}.Debug|x86.Build.0 = Debug|Win32
		{55C3C2F4-3EF1-4A2F-930D-26E31C9CE545}.Release|x64.ActiveCfg = Release|x64
		{55C3C2F4-3EF1-4A2F-930D-26E31C9CE545}.Release|x64.Build.0 = Release|x64
		{55C3C2F4-3EF1-4A2F-930D-26E31C9CE545}.Release|x86.ActiveCfg = Release|Win32
		{55C3C2F4-3EF1-4A2F-930D-26E31C9CE545}.Release|x86.Build.0 = Release|Win32
		{69097E15-3354-4AB4-BB7F-CED188916081}.Debug|x64.ActiveCfg = Debug|x64
		{69097E15-3354-4AB4-BB7F-CED188916081}.Debug|x64.Build.0 = Debug|x64
		{69097E15-3354-4AB4-BB7F-CED188916081}.Debug|x86.ActiveCfg = Debug|Win32
		{69097E15-3354-4AB4-BB7F-CED188916081}.Debug|x86.Build.0 = Debug|Win32
		{69097E15-3354-4AB4-BB7F-CED188916081}.Release|x64.ActiveCfg = Release|x64
		{69097E15-3354-4AB4-BB7F-CED188916081}.Release|x64.Build.0 = Release|x64
		{69097E15-3354-4AB4-BB7F-CED188916081}.Release|x86.ActiveCfg = Release|Win32
		{69097E15-3354-4AB4-BB7F-CED188916081}.Release|x86.Build.0 = Release|Win32
		{BE014B06-CCC3-4302-B323-79A589AC218C}.Debug|x64.ActiveCfg = Debug|x64
		{BE014B06-CCC3-4302-B323-79A589AC218C}.Debug|x64.Build.0 = Debug|x64
		{BE014B06-CCC3-4302-B323-79A589AC218C}.Debug|x86.ActiveCfg = Debug|Win32
		{BE014B06-CCC3-4302-B323-79A589AC218C}.Debug|x86.Build.0 = Debug|Win32
		{BE014B06-CCC3-4302-B323-79A589AC218C}.Release|x64.ActiveCfg = Release|x64
		{BE014B06-CCC3-4302-B323-79A589AC218C}.Release|x64.Build.0 = Release|x64
		{BE014B06-CCC3-4302-B323-79A589AC218C}.Release|x86.ActiveCfg = Release|Win32
		{BE014B06-CCC3-4302-B323-79A589AC218C}.Release|x86.Build.0 = Release|Win32
	EndGlobalSection
	GlobalSection(SolutionProperties) = preSolution
		HideSolutionNode = FALSE
	EndGlobalSection
	GlobalSection(NestedProjects) = preSolution
		{E358C83D-2473-4C75-9164-FF6542821C96} = {3F15BA77-EBBD-4949-B114-DA567AD2A467}
		{55C3C2F4-3EF1-4A2F-930D-26E31C9CE545} = {3F15BA77-EBBD-4949-B114-DA567AD2A467}
		{69097E15-3354-4AB4-BB7F-CED188916081} = {3F15BA77-EBBD-4949-B114-DA567AD2A467}
		{BE014B06-CCC3-4302-B323-79A589AC218C} = {3F15BA77-EBBD-4949-B114-DA567AD2A467}
	EndGlobalSection
	GlobalSection(ExtensibilityGlobals) = postSolution
		SolutionGuid = {7741A0AF-8259-4B8A-B223-E8B712365938}
	EndGlobalSection
EndGlobal
