<?xml version="1.0" encoding="utf-8"?>
<Project ToolsVersion="4.0" xmlns="http://schemas.microsoft.com/developer/msbuild/2003">
  <ItemGroup>
    <Filter Include="include">
      <UniqueIdentifier>{894e498f-d4ba-4021-8cd6-aaa50bd31be6}</UniqueIdentifier>
    </Filter>
    <Filter Include="src">
      <UniqueIdentifier>{07caa6c8-1140-48ae-ad02-00421967afcf}</UniqueIdentifier>
    </Filter>
  </ItemGroup>
  <ItemGroup>
    <ClInclude Include="..\..\include\Cart3DAlgorithm\TriangleMesh\TriangleMesh.h">
      <Filter>include</Filter>
    </ClInclude>
    <ClInclude Include="..\..\include\Cart3DAlgorithm\TriangleMesh\TriangleMeshConfig.h">
      <Filter>include</Filter>
    </ClInclude>
  </ItemGroup>
  <ItemGroup>
    <ClCompile Include="code\TriangleMesh.cpp">
      <Filter>src</Filter>
    </ClCompile>
  </ItemGroup>
</Project>